// !$*UTF8*$!
{
	archiveVersion = 1;
	classes = {
	};
	objectVersion = 50;
	objects = {

/* Begin PBXBuildFile section */
		14CFF6B3208A600E00A6ADFD /* AppDelegate.swift in Sources */ = {isa = PBXBuildFile; fileRef = 14CFF6B2208A600E00A6ADFD /* AppDelegate.swift */; };
		14CFF6B8208A600E00A6ADFD /* Main.storyboard in Resources */ = {isa = PBXBuildFile; fileRef = 14CFF6B6208A600E00A6ADFD /* Main.storyboard */; };
		14CFF6BA208A600E00A6ADFD /* Assets.xcassets in Resources */ = {isa = PBXBuildFile; fileRef = 14CFF6B9208A600E00A6ADFD /* Assets.xcassets */; };
		14CFF6BD208A600E00A6ADFD /* LaunchScreen.storyboard in Resources */ = {isa = PBXBuildFile; fileRef = 14CFF6BB208A600E00A6ADFD /* LaunchScreen.storyboard */; };
		14CFF6C5208A86D700A6ADFD /* FirstViewController.swift in Sources */ = {isa = PBXBuildFile; fileRef = 14CFF6C4208A86D700A6ADFD /* FirstViewController.swift */; };
		14CFF6C7208A870000A6ADFD /* SecondViewController.swift in Sources */ = {isa = PBXBuildFile; fileRef = 14CFF6C6208A870000A6ADFD /* SecondViewController.swift */; };
/* End PBXBuildFile section */

/* Begin PBXFileReference section */
		14CFF6AF208A600E00A6ADFD /* First App Workshop.app */ = {isa = PBXFileReference; explicitFileType = wrapper.application; includeInIndex = 0; path = "First App Workshop.app"; sourceTree = BUILT_PRODUCTS_DIR; };
		14CFF6B2208A600E00A6ADFD /* AppDelegate.swift */ = {isa = PBXFileReference; lastKnownFileType = sourcecode.swift; path = AppDelegate.swift; sourceTree = "<group>"; };
		14CFF6B7208A600E00A6ADFD /* Base */ = {isa = PBXFileReference; lastKnownFileType = file.storyboard; name = Base; path = Base.lproj/Main.storyboard; sourceTree = "<group>"; };
		14CFF6B9208A600E00A6ADFD /* Assets.xcassets */ = {isa = PBXFileReference; lastKnownFileType = folder.assetcatalog; path = Assets.xcassets; sourceTree = "<group>"; };
		14CFF6BC208A600E00A6ADFD /* Base */ = {isa = PBXFileReference; lastKnownFileType = file.storyboard; name = Base; path = Base.lproj/LaunchScreen.storyboard; sourceTree = "<group>"; };
		14CFF6BE208A600E00A6ADFD /* Info.plist */ = {isa = PBXFileReference; lastKnownFileType = text.plist.xml; path = Info.plist; sourceTree = "<group>"; };
		14CFF6C4208A86D700A6ADFD /* FirstViewController.swift */ = {isa = PBXFileReference; lastKnownFileType = sourcecode.swift; path = FirstViewController.swift; sourceTree = "<group>"; };
		14CFF6C6208A870000A6ADFD /* SecondViewController.swift */ = {isa = PBXFileReference; lastKnownFileType = sourcecode.swift; path = SecondViewController.swift; sourceTree = "<group>"; };
/* End PBXFileReference section */

/* Begin PBXFrameworksBuildPhase section */
		14CFF6AC208A600E00A6ADFD /* Frameworks */ = {
			isa = PBXFrameworksBuildPhase;
			buildActionMask = 2147483647;
			files = (
			);
			runOnlyForDeploymentPostprocessing = 0;
		};
/* End PBXFrameworksBuildPhase section */

/* Begin PBXGroup section */
		14CFF6A6208A600D00A6ADFD = {
			isa = PBXGroup;
			children = (
				14CFF6B1208A600E00A6ADFD /* First App Workshop */,
				14CFF6B0208A600E00A6ADFD /* Products */,
			);
			sourceTree = "<group>";
		};
		14CFF6B0208A600E00A6ADFD /* Products */ = {
			isa = PBXGroup;
			children = (
				14CFF6AF208A600E00A6ADFD /* First App Workshop.app */,
			);
			name = Products;
			sourceTree = "<group>";
		};
		14CFF6B1208A600E00A6ADFD /* First App Workshop */ = {
			isa = PBXGroup;
			children = (
				14CFF6B2208A600E00A6ADFD /* AppDelegate.swift */,
				14CFF6C4208A86D700A6ADFD /* FirstViewController.swift */,
				14CFF6C6208A870000A6ADFD /* SecondViewController.swift */,
				14CFF6B6208A600E00A6ADFD /* Main.storyboard */,
				14CFF6B9208A600E00A6ADFD /* Assets.xcassets */,
				14CFF6BB208A600E00A6ADFD /* LaunchScreen.storyboard */,
				14CFF6BE208A600E00A6ADFD /* Info.plist */,
			);
			path = "First App Workshop";
			sourceTree = "<group>";
		};
/* End PBXGroup section */

/* Begin PBXNativeTarget section */
		14CFF6AE208A600E00A6ADFD /* First App Workshop */ = {
			isa = PBXNativeTarget;
			buildConfigurationList = 14CFF6C1208A600E00A6ADFD /* Build configuration list for PBXNativeTarget "First App Workshop" */;
			buildPhases = (
				14CFF6AB208A600E00A6ADFD /* Sources */,
				14CFF6AC208A600E00A6ADFD /* Frameworks */,
				14CFF6AD208A600E00A6ADFD /* Resources */,
			);
			buildRules = (
			);
			dependencies = (
			);
			name = "First App Workshop";
			productName = "First App Workshop";
			productReference = 14CFF6AF208A600E00A6ADFD /* First App Workshop.app */;
			productType = "com.apple.product-type.application";
		};
/* End PBXNativeTarget section */

/* Begin PBXProject section */
		14CFF6A7208A600D00A6ADFD /* Project object */ = {
			isa = PBXProject;
			attributes = {
				LastSwiftUpdateCheck = 0930;
				LastUpgradeCheck = 0930;
				ORGANIZATIONNAME = "Con Dos Emes";
				TargetAttributes = {
					14CFF6AE208A600E00A6ADFD = {
						CreatedOnToolsVersion = 9.3;
					};
				};
			};
			buildConfigurationList = 14CFF6AA208A600D00A6ADFD /* Build configuration list for PBXProject "First App Workshop" */;
			compatibilityVersion = "Xcode 9.3";
			developmentRegion = en;
			hasScannedForEncodings = 0;
			knownRegions = (
				en,
				Base,
			);
			mainGroup = 14CFF6A6208A600D00A6ADFD;
			productRefGroup = 14CFF6B0208A600E00A6ADFD /* Products */;
			projectDirPath = "";
			projectRoot = "";
			targets = (
				14CFF6AE208A600E00A6ADFD /* First App Workshop */,
			);
		};
/* End PBXProject section */

/* Begin PBXResourcesBuildPhase section */
		14CFF6AD208A600E00A6ADFD /* Resources */ = {
			isa = PBXResourcesBuildPhase;
			buildActionMask = 2147483647;
			files = (
				14CFF6BD208A600E00A6ADFD /* LaunchScreen.storyboard in Resources */,
				14CFF6BA208A600E00A6ADFD /* Assets.xcassets in Resources */,
				14CFF6B8208A600E00A6ADFD /* Main.storyboard in Resources */,
			);
			runOnlyForDeploymentPostprocessing = 0;
		};
/* End PBXResourcesBuildPhase section */

/* Begin PBXSourcesBuildPhase section */
		14CFF6AB208A600E00A6ADFD /* Sources */ = {
			isa = PBXSourcesBuildPhase;
			buildActionMask = 2147483647;
			files = (
				14CFF6C7208A870000A6ADFD /* SecondViewController.swift in Sources */,
				14CFF6C5208A86D700A6ADFD /* FirstViewController.swift in Sources */,
				14CFF6B3208A600E00A6ADFD /* AppDelegate.swift in Sources */,
			);
			runOnlyForDeploymentPostprocessing = 0;
		};
/* End PBXSourcesBuildPhase section */

/* Begin PBXVariantGroup section */
		14CFF6B6208A600E00A6ADFD /* Main.storyboard */ = {
			isa = PBXVariantGroup;
			children = (
				14CFF6B7208A600E00A6ADFD /* Base */,
			);
			name = Main.storyboard;
			sourceTree = "<group>";
		};
		14CFF6BB208A600E00A6ADFD /* LaunchScreen.storyboard */ = {
			isa = PBXVariantGroup;
			children = (
				14CFF6BC208A600E00A6ADFD /* Base */,
			);
			name = LaunchScreen.storyboard;
			sourceTree = "<group>";
		};
/* End PBXVariantGroup section */

/* Begin XCBuildConfiguration section */
		14CFF6BF208A600E00A6ADFD /* Debug */ = {
			isa = XCBuildConfiguration;
			buildSettings = {
				ALWAYS_SEARCH_USER_PATHS = NO;
				CLANG_ANALYZER_NONNULL = YES;
				CLANG_ANALYZER_NUMBER_OBJECT_CONVERSION = YES_AGGRESSIVE;
				CLANG_CXX_LANGUAGE_STANDARD = "gnu++14";
				CLANG_CXX_LIBRARY = "libc++";
				CLANG_ENABLE_MODULES = YES;
				CLANG_ENABLE_OBJC_ARC = YES;
				CLANG_ENABLE_OBJC_WEAK = YES;
				CLANG_WARN_BLOCK_CAPTURE_AUTORELEASING = YES;
				CLANG_WARN_BOOL_CONVERSION = YES;
				CLANG_WARN_COMMA = YES;
				CLANG_WARN_CONSTANT_CONVERSION = YES;
				CLANG_WARN_DEPRECATED_OBJC_IMPLEMENTATIONS = YES;
				CLANG_WARN_DIRECT_OBJC_ISA_USAGE = YES_ERROR;
				CLANG_WARN_DOCUMENTATION_COMMENTS = YES;
				CLANG_WARN_EMPTY_BODY = YES;
				CLANG_WARN_ENUM_CONVERSION = YES;
				CLANG_WARN_INFINITE_RECURSION = YES;
				CLANG_WARN_INT_CONVERSION = YES;
				CLANG_WARN_NON_LITERAL_NULL_CONVERSION = YES;
				CLANG_WARN_OBJC_IMPLICIT_RETAIN_SELF = YES;
				CLANG_WARN_OBJC_LITERAL_CONVERSION = YES;
				CLANG_WARN_OBJC_ROOT_CLASS = YES_ERROR;
				CLANG_WARN_RANGE_LOOP_ANALYSIS = YES;
				CLANG_WARN_STRICT_PROTOTYPES = YES;
				CLANG_WARN_SUSPICIOUS_MOVE = YES;
				CLANG_WARN_UNGUARDED_AVAILABILITY = YES_AGGRESSIVE;
				CLANG_WARN_UNREACHABLE_CODE = YES;
				CLANG_WARN__DUPLICATE_METHOD_MATCH = YES;
				CODE_SIGN_IDENTITY = "iPhone Developer";
				COPY_PHASE_STRIP = NO;
				DEBUG_INFORMATION_FORMAT = dwarf;
				ENABLE_STRICT_OBJC_MSGSEND = YES;
				ENABLE_TESTABILITY = YES;
				GCC_C_LANGUAGE_STANDARD = gnu11;
				GCC_DYNAMIC_NO_PIC = NO;
				GCC_NO_COMMON_BLOCKS = YES;
				GCC_OPTIMIZATION_LEVEL = 0;
				GCC_PREPROCESSOR_DEFINITIONS = (
					"DEBUG=1",
					"$(inherited)",
				);
				GCC_WARN_64_TO_32_BIT_CONVERSION = YES;
				GCC_WARN_ABOUT_RETURN_TYPE = YES_ERROR;
				GCC_WARN_UNDECLARED_SELECTOR = YES;
				GCC_WARN_UNINITIALIZED_AUTOS = YES_AGGRESSIVE;
				GCC_WARN_UNUSED_FUNCTION = YES;
				GCC_WARN_UNUSED_VARIABLE = YES;
				IPHONEOS_DEPLOYMENT_TARGET = 11.3;
				MTL_ENABLE_DEBUG_INFO = YES;
				ONLY_ACTIVE_ARCH = YES;
				SDKROOT = iphoneos;
				SWIFT_ACTIVE_COMPILATION_CONDITIONS = DEBUG;
				SWIFT_OPTIMIZATION_LEVEL = "-Onone";
			};
			name = Debug;
		};
		14CFF6C0208A600E00A6ADFD /* Release */ = {
			isa = XCBuildConfiguration;
			buildSettings = {
				ALWAYS_SEARCH_USER_PATHS = NO;
				CLANG_ANALYZER_NONNULL = YES;
				CLANG_ANALYZER_NUMBER_OBJECT_CONVERSION = YES_AGGRESSIVE;
				CLANG_CXX_LANGUAGE_STANDARD = "gnu++14";
				CLANG_CXX_LIBRARY = "libc++";
				CLANG_ENABLE_MODULES = YES;
				CLANG_ENABLE_OBJC_ARC = YES;
				CLANG_ENABLE_OBJC_WEAK = YES;
				CLANG_WARN_BLOCK_CAPTURE_AUTORELEASING = YES;
				CLANG_WARN_BOOL_CONVERSION = YES;
				CLANG_WARN_COMMA = YES;
				CLANG_WARN_CONSTANT_CONVERSION = YES;
				CLANG_WARN_DEPRECATED_OBJC_IMPLEMENTATIONS = YES;
				CLANG_WARN_DIRECT_OBJC_ISA_USAGE = YES_ERROR;
				CLANG_WARN_DOCUMENTATION_COMMENTS = YES;
				CLANG_WARN_EMPTY_BODY = YES;
				CLANG_WARN_ENUM_CONVERSION = YES;
				CLANG_WARN_INFINITE_RECURSION = YES;
				CLANG_WARN_INT_CONVERSION = YES;
				CLANG_WARN_NON_LITERAL_NULL_CONVERSION = YES;
				CLANG_WARN_OBJC_IMPLICIT_RETAIN_SELF = YES;
				CLANG_WARN_OBJC_LITERAL_CONVERSION = YES;
				CLANG_WARN_OBJC_ROOT_CLASS = YES_ERROR;
				CLANG_WARN_RANGE_LOOP_ANALYSIS = YES;
				CLANG_WARN_STRICT_PROTOTYPES = YES;
				CLANG_WARN_SUSPICIOUS_MOVE = YES;
				CLANG_WARN_UNGUARDED_AVAILABILITY = YES_AGGRESSIVE;
				CLANG_WARN_UNREACHABLE_CODE = YES;
				CLANG_WARN__DUPLICATE_METHOD_MATCH = YES;
				CODE_SIGN_IDENTITY = "iPhone Developer";
				COPY_PHASE_STRIP = NO;
				DEBUG_INFORMATION_FORMAT = "dwarf-with-dsym";
				ENABLE_NS_ASSERTIONS = NO;
				ENABLE_STRICT_OBJC_MSGSEND = YES;
				GCC_C_LANGUAGE_STANDARD = gnu11;
				GCC_NO_COMMON_BLOCKS = YES;
				GCC_WARN_64_TO_32_BIT_CONVERSION = YES;
				GCC_WARN_ABOUT_RETURN_TYPE = YES_ERROR;
				GCC_WARN_UNDECLARED_SELECTOR = YES;
				GCC_WARN_UNINITIALIZED_AUTOS = YES_AGGRESSIVE;
				GCC_WARN_UNUSED_FUNCTION = YES;
				GCC_WARN_UNUSED_VARIABLE = YES;
				IPHONEOS_DEPLOYMENT_TARGET = 11.3;
				MTL_ENABLE_DEBUG_INFO = NO;
				SDKROOT = iphoneos;
				SWIFT_COMPILATION_MODE = wholemodule;
				SWIFT_OPTIMIZATION_LEVEL = "-O";
				VALIDATE_PRODUCT = YES;
			};
			name = Release;
		};
		14CFF6C2208A600E00A6ADFD /* Debug */ = {
			isa = XCBuildConfiguration;
			buildSettings = {
				ASSETCATALOG_COMPILER_APPICON_NAME = AppIcon;
				CODE_SIGN_STYLE = Automatic;
				DEVELOPMENT_TEAM = 4V4L5DFDQ5;
				INFOPLIST_FILE = "First App Workshop/Info.plist";
				LD_RUNPATH_SEARCH_PATHS = (
					"$(inherited)",
					"@executable_path/Frameworks",
				);
				PRODUCT_BUNDLE_IDENTIFIER = "com.condosemes.First-App-Workshop";
				PRODUCT_NAME = "$(TARGET_NAME)";
				SWIFT_VERSION = 4.0;
				TARGETED_DEVICE_FAMILY = 1;
			};
			name = Debug;
		};
		14CFF6C3208A600E00A6ADFD /* Release */ = {
			isa = XCBuildConfiguration;
			buildSettings = {
				ASSETCATALOG_COMPILER_APPICON_NAME = AppIcon;
				CODE_SIGN_STYLE = Automatic;
				DEVELOPMENT_TEAM = 4V4L5DFDQ5;
				INFOPLIST_FILE = "First App Workshop/Info.plist";
				LD_RUNPATH_SEARCH_PATHS = (
					"$(inherited)",
					"@executable_path/Frameworks",
				);
				PRODUCT_BUNDLE_IDENTIFIER = "com.condosemes.First-App-Workshop";
				PRODUCT_NAME = "$(TARGET_NAME)";
				SWIFT_VERSION = 4.0;
				TARGETED_DEVICE_FAMILY = 1;
			};
			name = Release;
		};
/* End XCBuildConfiguration section */

/* Begin XCConfigurationList section */
		14CFF6AA208A600D00A6ADFD /* Build configuration list for PBXProject "First App Workshop" */ = {
			isa = XCConfigurationList;
			buildConfigurations = (
				14CFF6BF208A600E00A6ADFD /* Debug */,
				14CFF6C0208A600E00A6ADFD /* Release */,
			);
			defaultConfigurationIsVisible = 0;
			defaultConfigurationName = Release;
		};
		14CFF6C1208A600E00A6ADFD /* Build configuration list for PBXNativeTarget "First App Workshop" */ = {
			isa = XCConfigurationList;
			buildConfigurations = (
				14CFF6C2208A600E00A6ADFD /* Debug */,
				14CFF6C3208A600E00A6ADFD /* Release */,
			);
			defaultConfigurationIsVisible = 0;
			defaultConfigurationName = Release;
		};
/* End XCConfigurationList section */
	};
	rootObject = 14CFF6A7208A600D00A6ADFD /* Project object */;
}
